
Microsoft Visual Studio Solution File, Format Version 12.00
# Visual Studio 15
VisualStudioVersion = 15.0.27004.2009
MinimumVisualStudioVersion = 10.0.40219.1
Project("{8BC9CEB8-8B4A-11D0-8D11-00A0C91BC942}") = "CodeGenerator", "CodeGenerator\CodeGenerator.vcxproj", "{DB793832-C79C-48E8-BAB1-BC17EA5A803B}"
EndProject
Project("{8BC9CEB8-8B4A-11D0-8D11-00A0C91BC942}") = "TestPrograms", "Test\Test.vcxproj", "{2BE03948-0556-4B0C-B669-6EDBBD6EE3B5}"
EndProject
Project("{8BC9CEB8-8B4A-11D0-8D11-00A0C91BC942}") = "NelderMeadOptimization", "NelderMeadOptimization\NelderMeadOptimization.vcxproj", "{666DCE43-D605-46E5-9F84-DA56EB6EA296}"
EndProject
Project("{8BC9CEB8-8B4A-11D0-8D11-00A0C91BC942}") = "TestTaskPaint", "TestTaskPaint\TestTaskPaint.vcxproj", "{AFEEC226-A73F-4497-855A-DFE02D73A2A1}"
EndProject
Project("{8BC9CEB8-8B4A-11D0-8D11-00A0C91BC942}") = "ID3_DecisionTree", "ID3_DecisionTree\ID3_DecisionTree.vcxproj", "{2377C191-8EFE-401E-8A0E-5B2EA2A1CA5A}"
EndProject
Project("{8BC9CEB8-8B4A-11D0-8D11-00A0C91BC942}") = "DecisionTreeExecuter", "DecisionTreeExecuter\DecisionTreeExecuter.vcxproj", "{028327AA-B329-4225-81DA-CDEA410B2814}"
EndProject
Project("{8BC9CEB8-8B4A-11D0-8D11-00A0C91BC942}") = "ID3Tests", "ID3Tests\ID3Tests.vcxproj", "{4336816D-27B5-460B-A699-2142B94437E0}"
EndProject
Project("{8BC9CEB8-8B4A-11D0-8D11-00A0C91BC942}") = "ProjectLinea", "ProjectLinea\ProjectLinea.vcxproj", "{E7498517-6BA0-4D1F-B56F-EC1599D6C66A}"
EndProject
Project("{2150E333-8FDC-42A3-9474-1A3956D46DE8}") = "DecisionTree", "DecisionTree", "{18D53940-8462-4A6A-B3DC-62BF0A2430DD}"
EndProject
Project("{2150E333-8FDC-42A3-9474-1A3956D46DE8}") = "PersonalRD", "PersonalRD", "{AE0533B9-4081-41FA-8808-27DAB417B240}"
EndProject
Project("{2150E333-8FDC-42A3-9474-1A3956D46DE8}") = "AlternativesWeights", "AlternativesWeights", "{22E964D9-24F1-4333-A368-EBFE3BB8BFD2}"
EndProject
Project("{8BC9CEB8-8B4A-11D0-8D11-00A0C91BC942}") = "WeightsCalculator", "WeightsCalculator\WeightsCalculator.vcxproj", "{B5521541-ABEB-4AA3-9246-0EC2F4EA45B1}"
EndProject
Project("{8BC9CEB8-8B4A-11D0-8D11-00A0C91BC942}") = "WeightsCalculatorUT", "WeightsCalculatorUT\WeightsCalculatorUT.vcxproj", "{A685C3F7-C64C-40ED-ADB8-A8856C5C9D6C}"
EndProject
Global
	GlobalSection(SolutionConfigurationPlatforms) = preSolution
		Debug|x64 = Debug|x64
		Debug|x86 = Debug|x86
		Release|x64 = Release|x64
		Release|x86 = Release|x86
	EndGlobalSection
	GlobalSection(ProjectConfigurationPlatforms) = postSolution
		{DB793832-C79C-48E8-BAB1-BC17EA5A803B}.Debug|x64.ActiveCfg = Debug|x64
		{DB793832-C79C-48E8-BAB1-BC17EA5A803B}.Debug|x64.Build.0 = Debug|x64
		{DB793832-C79C-48E8-BAB1-BC17EA5A803B}.Debug|x86.ActiveCfg = Debug|Win32
		{DB793832-C79C-48E8-BAB1-BC17EA5A803B}.Debug|x86.Build.0 = Debug|Win32
		{DB793832-C79C-48E8-BAB1-BC17EA5A803B}.Release|x64.ActiveCfg = Release|x64
		{DB793832-C79C-48E8-BAB1-BC17EA5A803B}.Release|x64.Build.0 = Release|x64
		{DB793832-C79C-48E8-BAB1-BC17EA5A803B}.Release|x86.ActiveCfg = Release|Win32
		{DB793832-C79C-48E8-BAB1-BC17EA5A803B}.Release|x86.Build.0 = Release|Win32
		{2BE03948-0556-4B0C-B669-6EDBBD6EE3B5}.Debug|x64.ActiveCfg = Debug|x64
		{2BE03948-0556-4B0C-B669-6EDBBD6EE3B5}.Debug|x64.Build.0 = Debug|x64
		{2BE03948-0556-4B0C-B669-6EDBBD6EE3B5}.Debug|x86.ActiveCfg = Debug|Win32
		{2BE03948-0556-4B0C-B669-6EDBBD6EE3B5}.Debug|x86.Build.0 = Debug|Win32
		{2BE03948-0556-4B0C-B669-6EDBBD6EE3B5}.Release|x64.ActiveCfg = Release|x64
		{2BE03948-0556-4B0C-B669-6EDBBD6EE3B5}.Release|x64.Build.0 = Release|x64
		{2BE03948-0556-4B0C-B669-6EDBBD6EE3B5}.Release|x86.ActiveCfg = Release|Win32
		{2BE03948-0556-4B0C-B669-6EDBBD6EE3B5}.Release|x86.Build.0 = Release|Win32
		{666DCE43-D605-46E5-9F84-DA56EB6EA296}.Debug|x64.ActiveCfg = Debug|x64
		{666DCE43-D605-46E5-9F84-DA56EB6EA296}.Debug|x64.Build.0 = Debug|x64
		{666DCE43-D605-46E5-9F84-DA56EB6EA296}.Debug|x86.ActiveCfg = Debug|Win32
		{666DCE43-D605-46E5-9F84-DA56EB6EA296}.Debug|x86.Build.0 = Debug|Win32
		{666DCE43-D605-46E5-9F84-DA56EB6EA296}.Release|x64.ActiveCfg = Release|x64
		{666DCE43-D605-46E5-9F84-DA56EB6EA296}.Release|x64.Build.0 = Release|x64
		{666DCE43-D605-46E5-9F84-DA56EB6EA296}.Release|x86.ActiveCfg = Release|Win32
		{666DCE43-D605-46E5-9F84-DA56EB6EA296}.Release|x86.Build.0 = Release|Win32
		{AFEEC226-A73F-4497-855A-DFE02D73A2A1}.Debug|x64.ActiveCfg = Debug|x64
		{AFEEC226-A73F-4497-855A-DFE02D73A2A1}.Debug|x64.Build.0 = Debug|x64
		{AFEEC226-A73F-4497-855A-DFE02D73A2A1}.Debug|x86.ActiveCfg = Debug|Win32
		{AFEEC226-A73F-4497-855A-DFE02D73A2A1}.Debug|x86.Build.0 = Debug|Win32
		{AFEEC226-A73F-4497-855A-DFE02D73A2A1}.Release|x64.ActiveCfg = Release|x64
		{AFEEC226-A73F-4497-855A-DFE02D73A2A1}.Release|x64.Build.0 = Release|x64
		{AFEEC226-A73F-4497-855A-DFE02D73A2A1}.Release|x86.ActiveCfg = Release|Win32
		{AFEEC226-A73F-4497-855A-DFE02D73A2A1}.Release|x86.Build.0 = Release|Win32
		{2377C191-8EFE-401E-8A0E-5B2EA2A1CA5A}.Debug|x64.ActiveCfg = Debug|x64
		{2377C191-8EFE-401E-8A0E-5B2EA2A1CA5A}.Debug|x64.Build.0 = Debug|x64
		{2377C191-8EFE-401E-8A0E-5B2EA2A1CA5A}.Debug|x86.ActiveCfg = Debug|Win32
		{2377C191-8EFE-401E-8A0E-5B2EA2A1CA5A}.Debug|x86.Build.0 = Debug|Win32
		{2377C191-8EFE-401E-8A0E-5B2EA2A1CA5A}.Release|x64.ActiveCfg = Release|x64
		{2377C191-8EFE-401E-8A0E-5B2EA2A1CA5A}.Release|x64.Build.0 = Release|x64
		{2377C191-8EFE-401E-8A0E-5B2EA2A1CA5A}.Release|x86.ActiveCfg = Release|Win32
		{2377C191-8EFE-401E-8A0E-5B2EA2A1CA5A}.Release|x86.Build.0 = Release|Win32
		{028327AA-B329-4225-81DA-CDEA410B2814}.Debug|x64.ActiveCfg = Debug|x64
		{028327AA-B329-4225-81DA-CDEA410B2814}.Debug|x64.Build.0 = Debug|x64
		{028327AA-B329-4225-81DA-CDEA410B2814}.Debug|x86.ActiveCfg = Debug|Win32
		{028327AA-B329-4225-81DA-CDEA410B2814}.Debug|x86.Build.0 = Debug|Win32
		{028327AA-B329-4225-81DA-CDEA410B2814}.Release|x64.ActiveCfg = Release|x64
		{028327AA-B329-4225-81DA-CDEA410B2814}.Release|x64.Build.0 = Release|x64
		{028327AA-B329-4225-81DA-CDEA410B2814}.Release|x86.ActiveCfg = Release|Win32
		{028327AA-B329-4225-81DA-CDEA410B2814}.Release|x86.Build.0 = Release|Win32
		{4336816D-27B5-460B-A699-2142B94437E0}.Debug|x64.ActiveCfg = Debug|x64
		{4336816D-27B5-460B-A699-2142B94437E0}.Debug|x64.Build.0 = Debug|x64
		{4336816D-27B5-460B-A699-2142B94437E0}.Debug|x86.ActiveCfg = Debug|Win32
		{4336816D-27B5-460B-A699-2142B94437E0}.Debug|x86.Build.0 = Debug|Win32
		{4336816D-27B5-460B-A699-2142B94437E0}.Release|x64.ActiveCfg = Release|x64
		{4336816D-27B5-460B-A699-2142B94437E0}.Release|x64.Build.0 = Release|x64
		{4336816D-27B5-460B-A699-2142B94437E0}.Release|x86.ActiveCfg = Release|Win32
		{4336816D-27B5-460B-A699-2142B94437E0}.Release|x86.Build.0 = Release|Win32
		{E7498517-6BA0-4D1F-B56F-EC1599D6C66A}.Debug|x64.ActiveCfg = Debug|x64
		{E7498517-6BA0-4D1F-B56F-EC1599D6C66A}.Debug|x64.Build.0 = Debug|x64
		{E7498517-6BA0-4D1F-B56F-EC1599D6C66A}.Debug|x86.ActiveCfg = Debug|Win32
		{E7498517-6BA0-4D1F-B56F-EC1599D6C66A}.Debug|x86.Build.0 = Debug|Win32
		{E7498517-6BA0-4D1F-B56F-EC1599D6C66A}.Release|x64.ActiveCfg = Release|x64
		{E7498517-6BA0-4D1F-B56F-EC1599D6C66A}.Release|x64.Build.0 = Release|x64
		{E7498517-6BA0-4D1F-B56F-EC1599D6C66A}.Release|x86.ActiveCfg = Release|Win32
		{E7498517-6BA0-4D1F-B56F-EC1599D6C66A}.Release|x86.Build.0 = Release|Win32
		{B5521541-ABEB-4AA3-9246-0EC2F4EA45B1}.Debug|x64.ActiveCfg = Debug|x64
		{B5521541-ABEB-4AA3-9246-0EC2F4EA45B1}.Debug|x64.Build.0 = Debug|x64
		{B5521541-ABEB-4AA3-9246-0EC2F4EA45B1}.Debug|x86.ActiveCfg = Debug|Win32
		{B5521541-ABEB-4AA3-9246-0EC2F4EA45B1}.Debug|x86.Build.0 = Debug|Win32
		{B5521541-ABEB-4AA3-9246-0EC2F4EA45B1}.Release|x64.ActiveCfg = Release|x64
		{B5521541-ABEB-4AA3-9246-0EC2F4EA45B1}.Release|x64.Build.0 = Release|x64
		{B5521541-ABEB-4AA3-9246-0EC2F4EA45B1}.Release|x86.ActiveCfg = Release|Win32
		{B5521541-ABEB-4AA3-9246-0EC2F4EA45B1}.Release|x86.Build.0 = Release|Win32
		{A685C3F7-C64C-40ED-ADB8-A8856C5C9D6C}.Debug|x64.ActiveCfg = Debug|x64
		{A685C3F7-C64C-40ED-ADB8-A8856C5C9D6C}.Debug|x64.Build.0 = Debug|x64
		{A685C3F7-C64C-40ED-ADB8-A8856C5C9D6C}.Debug|x86.ActiveCfg = Debug|Win32
		{A685C3F7-C64C-40ED-ADB8-A8856C5C9D6C}.Debug|x86.Build.0 = Debug|Win32
		{A685C3F7-C64C-40ED-ADB8-A8856C5C9D6C}.Release|x64.ActiveCfg = Release|x64
		{A685C3F7-C64C-40ED-ADB8-A8856C5C9D6C}.Release|x64.Build.0 = Release|x64
		{A685C3F7-C64C-40ED-ADB8-A8856C5C9D6C}.Release|x86.ActiveCfg = Release|Win32
		{A685C3F7-C64C-40ED-ADB8-A8856C5C9D6C}.Release|x86.Build.0 = Release|Win32
	EndGlobalSection
	GlobalSection(SolutionProperties) = preSolution
		HideSolutionNode = FALSE
	EndGlobalSection
	GlobalSection(NestedProjects) = preSolution
		{DB793832-C79C-48E8-BAB1-BC17EA5A803B} = {AE0533B9-4081-41FA-8808-27DAB417B240}
		{2BE03948-0556-4B0C-B669-6EDBBD6EE3B5} = {AE0533B9-4081-41FA-8808-27DAB417B240}
		{666DCE43-D605-46E5-9F84-DA56EB6EA296} = {AE0533B9-4081-41FA-8808-27DAB417B240}
		{AFEEC226-A73F-4497-855A-DFE02D73A2A1} = {AE0533B9-4081-41FA-8808-27DAB417B240}
		{2377C191-8EFE-401E-8A0E-5B2EA2A1CA5A} = {18D53940-8462-4A6A-B3DC-62BF0A2430DD}
		{028327AA-B329-4225-81DA-CDEA410B2814} = {18D53940-8462-4A6A-B3DC-62BF0A2430DD}
		{4336816D-27B5-460B-A699-2142B94437E0} = {18D53940-8462-4A6A-B3DC-62BF0A2430DD}
		{E7498517-6BA0-4D1F-B56F-EC1599D6C66A} = {AE0533B9-4081-41FA-8808-27DAB417B240}
		{B5521541-ABEB-4AA3-9246-0EC2F4EA45B1} = {22E964D9-24F1-4333-A368-EBFE3BB8BFD2}
		{A685C3F7-C64C-40ED-ADB8-A8856C5C9D6C} = {22E964D9-24F1-4333-A368-EBFE3BB8BFD2}
	EndGlobalSection
	GlobalSection(ExtensibilityGlobals) = postSolution
		SolutionGuid = {5B2256C0-7EAF-48AD-96B5-BC13F4947B28}
	EndGlobalSection
EndGlobal
