
Microsoft Visual Studio Solution File, Format Version 12.00
# Visual Studio 15
VisualStudioVersion = 15.0.27004.2009
MinimumVisualStudioVersion = 10.0.40219.1
Project("{8BC9CEB8-8B4A-11D0-8D11-00A0C91BC942}") = "CodeGenerator", "CodeGenerator\CodeGenerator.vcxproj", "{DB793832-C79C-48E8-BAB1-BC17EA5A803B}"
EndProject
Project("{8BC9CEB8-8B4A-11D0-8D11-00A0C91BC942}") = "TestPrograms", "Test\Test.vcxproj", "{2BE03948-0556-4B0C-B669-6EDBBD6EE3B5}"
EndProject
Project("{8BC9CEB8-8B4A-11D0-8D11-00A0C91BC942}") = "NelderMeadOptimization", "NelderMeadOptimization\NelderMeadOptimization.vcxproj", "{666DCE43-D605-46E5-9F84-DA56EB6EA296}"
EndProject
Project("{8BC9CEB8-8B4A-11D0-8D11-00A0C91BC942}") = "GoogleTest", "GoogleTest\GoogleTest.vcxproj", "{830957C2-8C37-48A6-923F-F78C63A9D1EA}"
EndProject
Global
	GlobalSection(SolutionConfigurationPlatforms) = preSolution
		Debug|x64 = Debug|x64
		Debug|x86 = Debug|x86
		Release|x64 = Release|x64
		Release|x86 = Release|x86
	EndGlobalSection
	GlobalSection(ProjectConfigurationPlatforms) = postSolution
		{DB793832-C79C-48E8-BAB1-BC17EA5A803B}.Debug|x64.ActiveCfg = Debug|x64
		{DB793832-C79C-48E8-BAB1-BC17EA5A803B}.Debug|x64.Build.0 = Debug|x64
		{DB793832-C79C-48E8-BAB1-BC17EA5A803B}.Debug|x86.ActiveCfg = Debug|Win32
		{DB793832-C79C-48E8-BAB1-BC17EA5A803B}.Debug|x86.Build.0 = Debug|Win32
		{DB793832-C79C-48E8-BAB1-BC17EA5A803B}.Release|x64.ActiveCfg = Release|x64
		{DB793832-C79C-48E8-BAB1-BC17EA5A803B}.Release|x64.Build.0 = Release|x64
		{DB793832-C79C-48E8-BAB1-BC17EA5A803B}.Release|x86.ActiveCfg = Release|Win32
		{DB793832-C79C-48E8-BAB1-BC17EA5A803B}.Release|x86.Build.0 = Release|Win32
		{2BE03948-0556-4B0C-B669-6EDBBD6EE3B5}.Debug|x64.ActiveCfg = Debug|x64
		{2BE03948-0556-4B0C-B669-6EDBBD6EE3B5}.Debug|x64.Build.0 = Debug|x64
		{2BE03948-0556-4B0C-B669-6EDBBD6EE3B5}.Debug|x86.ActiveCfg = Debug|Win32
		{2BE03948-0556-4B0C-B669-6EDBBD6EE3B5}.Debug|x86.Build.0 = Debug|Win32
		{2BE03948-0556-4B0C-B669-6EDBBD6EE3B5}.Release|x64.ActiveCfg = Release|x64
		{2BE03948-0556-4B0C-B669-6EDBBD6EE3B5}.Release|x64.Build.0 = Release|x64
		{2BE03948-0556-4B0C-B669-6EDBBD6EE3B5}.Release|x86.ActiveCfg = Release|Win32
		{2BE03948-0556-4B0C-B669-6EDBBD6EE3B5}.Release|x86.Build.0 = Release|Win32
		{666DCE43-D605-46E5-9F84-DA56EB6EA296}.Debug|x64.ActiveCfg = Debug|x64
		{666DCE43-D605-46E5-9F84-DA56EB6EA296}.Debug|x64.Build.0 = Debug|x64
		{666DCE43-D605-46E5-9F84-DA56EB6EA296}.Debug|x86.ActiveCfg = Debug|Win32
		{666DCE43-D605-46E5-9F84-DA56EB6EA296}.Debug|x86.Build.0 = Debug|Win32
		{666DCE43-D605-46E5-9F84-DA56EB6EA296}.Release|x64.ActiveCfg = Release|x64
		{666DCE43-D605-46E5-9F84-DA56EB6EA296}.Release|x64.Build.0 = Release|x64
		{666DCE43-D605-46E5-9F84-DA56EB6EA296}.Release|x86.ActiveCfg = Release|Win32
		{666DCE43-D605-46E5-9F84-DA56EB6EA296}.Release|x86.Build.0 = Release|Win32
		{830957C2-8C37-48A6-923F-F78C63A9D1EA}.Debug|x64.ActiveCfg = Debug|x64
		{830957C2-8C37-48A6-923F-F78C63A9D1EA}.Debug|x64.Build.0 = Debug|x64
		{830957C2-8C37-48A6-923F-F78C63A9D1EA}.Debug|x86.ActiveCfg = Debug|Win32
		{830957C2-8C37-48A6-923F-F78C63A9D1EA}.Debug|x86.Build.0 = Debug|Win32
		{830957C2-8C37-48A6-923F-F78C63A9D1EA}.Release|x64.ActiveCfg = Release|x64
		{830957C2-8C37-48A6-923F-F78C63A9D1EA}.Release|x64.Build.0 = Release|x64
		{830957C2-8C37-48A6-923F-F78C63A9D1EA}.Release|x86.ActiveCfg = Release|Win32
		{830957C2-8C37-48A6-923F-F78C63A9D1EA}.Release|x86.Build.0 = Release|Win32
	EndGlobalSection
	GlobalSection(SolutionProperties) = preSolution
		HideSolutionNode = FALSE
	EndGlobalSection
	GlobalSection(ExtensibilityGlobals) = postSolution
		SolutionGuid = {5B2256C0-7EAF-48AD-96B5-BC13F4947B28}
	EndGlobalSection
EndGlobal
